
Microsoft Visual Studio Solution File, Format Version 12.00
# Visual Studio Version 17
VisualStudioVersion = 17.6.33815.320
MinimumVisualStudioVersion = 10.0.40219.1
Project("{FAE04EC0-301F-11D3-BF4B-00C04F79EFBC}") = "NeighborSearch", "NeighborSearch\NeighborSearch.csproj", "{F477BE5F-B670-4CCF-8D50-8CCAB1009E72}"
EndProject
Global
	GlobalSection(SolutionConfigurationPlatforms) = preSolution
		Debug|Any CPU = Debug|Any CPU
		Release|Any CPU = Release|Any CPU
	EndGlobalSection
	GlobalSection(ProjectConfigurationPlatforms) = postSolution
		{F477BE5F-B670-4CCF-8D50-8CCAB1009E72}.Debug|Any CPU.ActiveCfg = Debug|Any CPU
		{F477BE5F-B670-4CCF-8D50-8CCAB1009E72}.Debug|Any CPU.Build.0 = Debug|Any CPU
		{F477BE5F-B670-4CCF-8D50-8CCAB1009E72}.Release|Any CPU.ActiveCfg = Release|Any CPU
		{F477BE5F-B670-4CCF-8D50-8CCAB1009E72}.Release|Any CPU.Build.0 = Release|Any CPU
	EndGlobalSection
	GlobalSection(SolutionProperties) = preSolution
		HideSolutionNode = FALSE
	EndGlobalSection
	GlobalSection(ExtensibilityGlobals) = postSolution
		SolutionGuid = {EB8C1C35-6C36-42E0-A1FB-D5612BE91137}
	EndGlobalSection
EndGlobal
